
Microsoft Visual Studio Solution File, Format Version 12.00
# Visual Studio Version 16
VisualStudioVersion = 16.0.29728.190
MinimumVisualStudioVersion = 10.0.40219.1
Project("{9A19103F-16F7-4668-BE54-9A1E7A4F7556}") = "MarcosYPatrones.AdapterKataTests", "MarcosYPatrones.AdapterKataTests\MarcosYPatrones.AdapterKataTests.csproj", "{AEF6AE71-29BA-4E57-AB91-896714A78F34}"
EndProject
Project("{FAE04EC0-301F-11D3-BF4B-00C04F79EFBC}") = "MarcosYPatrones.AdapterKata.Classes", "MarcosYPatrones.AdapterKata.Classes\MarcosYPatrones.AdapterKata.Classes.csproj", "{9B5EE00F-C309-4084-A630-97BBD242FA8A}"
EndProject
Global
	GlobalSection(SolutionConfigurationPlatforms) = preSolution
		Debug|Any CPU = Debug|Any CPU
		Release|Any CPU = Release|Any CPU
	EndGlobalSection
	GlobalSection(ProjectConfigurationPlatforms) = postSolution
		{AEF6AE71-29BA-4E57-AB91-896714A78F34}.Debug|Any CPU.ActiveCfg = Debug|Any CPU
		{AEF6AE71-29BA-4E57-AB91-896714A78F34}.Debug|Any CPU.Build.0 = Debug|Any CPU
		{AEF6AE71-29BA-4E57-AB91-896714A78F34}.Release|Any CPU.ActiveCfg = Release|Any CPU
		{AEF6AE71-29BA-4E57-AB91-896714A78F34}.Release|Any CPU.Build.0 = Release|Any CPU
		{9B5EE00F-C309-4084-A630-97BBD242FA8A}.Debug|Any CPU.ActiveCfg = Debug|Any CPU
		{9B5EE00F-C309-4084-A630-97BBD242FA8A}.Debug|Any CPU.Build.0 = Debug|Any CPU
		{9B5EE00F-C309-4084-A630-97BBD242FA8A}.Release|Any CPU.ActiveCfg = Release|Any CPU
		{9B5EE00F-C309-4084-A630-97BBD242FA8A}.Release|Any CPU.Build.0 = Release|Any CPU
	EndGlobalSection
	GlobalSection(SolutionProperties) = preSolution
		HideSolutionNode = FALSE
	EndGlobalSection
	GlobalSection(ExtensibilityGlobals) = postSolution
		SolutionGuid = {969B8304-00BB-47F5-BDF3-BC1F2A15D4C6}
	EndGlobalSection
EndGlobal
